{
  "nodes": {
    "brew-src": {
      "flake": false,
      "locked": {
        "lastModified": 1787796349,
        "narHash": "sha256-5s+MJAFyemD6lvrtL2c0jQ7P/XChdx1MPXzoCaQY+ic=",
        "owner": "Homebrew",
        "repo": "brew",
        "rev": "3e3da86e4eaccd23f4ce43df9b0a31b16c707347",
        "type": "github"
      },
      "original": {
        "owner": "Homebrew",
        "ref": "6.0.20",
        "repo": "brew",
        "type": "github"
      }
    },
    "home-manager": {
      "inputs": {
        "nixpkgs": [
          "nixpkgs"
        ]
      },
      "locked": {
        "lastModified": 1788921139,
        "narHash": "sha256-2wRuvf9UDw1SYWtBcxNmxLeAtNU1i/hc1c0AKQHdvlM=",
        "owner": "nix-community",
        "repo": "home-manager",
        "rev": "a2dbe7c2c9333e8234ae8114c7f731784201d108",
        "type": "github"
      },
      "original": {
        "owner": "nix-community",
        "repo": "home-manager",
        "type": "github"
      }
    },
    "home-manager-darwin": {
      "inputs": {
        "nixpkgs": [
          "nixpkgs-darwin"
        ]
      },
      "locked": {
        "lastModified": 1788921139,
        "narHash": "sha256-2wRuvf9UDw1SYWtBcxNmxLeAtNU1i/hc1c0AKQHdvlM=",
        "owner": "nix-community",
        "repo": "home-manager",
        "rev": "a2dbe7c2c9333e8234ae8114c7f731784201d108",
        "type": "github"
      },
      "original": {
        "owner": "nix-community",
        "repo": "home-manager",
        "type": "github"
      }
    },
    "homebrew-cask": {
      "flake": false,
      "locked": {
        "lastModified": 1788925437,
        "narHash": "sha256-ZLO/gC69hjaB6piNrXgYSL61IauvMzLZXj1coX8Z/hE=",
        "owner": "homebrew",
        "repo": "homebrew-cask",
        "rev": "ee0a3c52570693c9ba87d7b9dfcaefb41a55d016",
        "type": "github"
      },
      "original": {
        "owner": "homebrew",
        "repo": "homebrew-cask",
        "type": "github"
      }
    },
    "homebrew-core": {
      "flake": false,
      "locked": {
        "lastModified": 1788925577,
        "narHash": "sha256-V1a3urtiLFLDEuKW3OKGQ8NxBgfo8GTEHZ9OcYxfdtc=",
        "owner": "homebrew",
        "repo": "homebrew-core",
        "rev": "165b2fddb52438e6f284f3cedf75a8d371eee453",
        "type": "github"
      },
      "original": {
        "owner": "homebrew",
        "repo": "homebrew-core",
        "type": "github"
      }
    },
    "homebrew-luckypipewrench-tap": {
      "flake": false,
      "locked": {
        "lastModified": 1788277662,
        "narHash": "sha256-0KkKTnEyZDHsPTMawHz+id0QrMbOQUBOeCb60USb/aU=",
        "owner": "luckypipewrench",
        "repo": "homebrew-tap",
        "rev": "5be1b0b9fa7d7a5476b0542c75a87c553a927f96",
        "type": "github"
      },
      "original": {
        "owner": "luckypipewrench",
        "repo": "homebrew-tap",
        "type": "github"
      }
    },
    "nix-darwin": {
      "inputs": {
        "nixpkgs": [
          "nixpkgs-darwin"
        ]
      },
      "locked": {
        "lastModified": 1786845137,
        "narHash": "sha256-oQFip+v0luP8NIxJzmiW4Wu8bILsbFWom5l0zonl8hQ=",
        "owner": "nix-darwin",
        "repo": "nix-darwin",
        "rev": "4cff07de74b50e64bdd68cd4e722ab5b6b35ee48",
        "type": "github"
      },
      "original": {
        "owner": "nix-darwin",
        "repo": "nix-darwin",
        "type": "github"
      }
    },
    "nix-homebrew": {
      "inputs": {
        "brew-src": "brew-src"
      },
      "locked": {
        "lastModified": 1788444135,
        "narHash": "sha256-ChwTDZPvTmEgZdS30dUfgdXlzAPtZAUWwEH/PfDXZmg=",
        "owner": "zhaofengli",
        "repo": "nix-homebrew",
        "rev": "ec8417a617de4d3c739aed40837e308ebd667165",
        "type": "github"
      },
      "original": {
        "owner": "zhaofengli",
        "repo": "nix-homebrew",
        "type": "github"
      }
    },
    "nixpkgs": {
      "locked": {
        "lastModified": 1788179007,
        "narHash": "sha256-hn1oU2rue2SYK8dAr8+WNZWtbsz1S2W5mnHlSEuh3bo=",
        "rev": "34ab99075ac4f7e40cf037eef32cb1c360bb85e9",
        "revCount": 1064949,
        "type": "tarball",
        "url": "https://api.flakehub.com/f/pinned/DeterminateSystems/nixpkgs-weekly/0.1.1064949%2Brev-34ab99075ac4f7e40cf037eef32cb1c360bb85e9/01a07f85-6cc4-7701-8bcf-aa05a24774e1/source.tar.gz"
      },
      "original": {
        "type": "tarball",
        "url": "https://flakehub.com/f/DeterminateSystems/nixpkgs-weekly/0.1"
      }
    },
    "nixpkgs-darwin": {
      "locked": {
        "lastModified": 1788179007,
        "narHash": "sha256-hn1oU2rue2SYK8dAr8+WNZWtbsz1S2W5mnHlSEuh3bo=",
        "rev": "34ab99075ac4f7e40cf037eef32cb1c360bb85e9",
        "revCount": 1064949,
        "type": "tarball",
        "url": "https://api.flakehub.com/f/pinned/DeterminateSystems/nixpkgs-weekly/0.1.1064949%2Brev-34ab99075ac4f7e40cf037eef32cb1c360bb85e9/01a07f85-6cc4-7701-8bcf-aa05a24774e1/source.tar.gz"
      },
      "original": {
        "type": "tarball",
        "url": "https://flakehub.com/f/DeterminateSystems/nixpkgs-weekly/0.1"
      }
    },
    "ponytail": {
      "flake": false,
      "locked": {
        "lastModified": 1788798420,
        "narHash": "sha256-LPNMyHsri3+eeDmphEAKL1JgoRE4dLIPfZ4XZ+xu5UY=",
        "owner": "DietrichGebert",
        "repo": "ponytail",
        "rev": "356918eba965ee1eac64bd3a7f0dd02108350de5",
        "type": "github"
      },
      "original": {
        "owner": "DietrichGebert",
        "repo": "ponytail",
        "type": "github"
      }
    },
    "root": {
      "inputs": {
        "home-manager": "home-manager",
        "home-manager-darwin": "home-manager-darwin",
        "homebrew-cask": "homebrew-cask",
        "homebrew-core": "homebrew-core",
        "homebrew-luckypipewrench-tap": "homebrew-luckypipewrench-tap",
        "nix-darwin": "nix-darwin",
        "nix-homebrew": "nix-homebrew",
        "nixpkgs": "nixpkgs",
        "nixpkgs-darwin": "nixpkgs-darwin",
        "ponytail": "ponytail",
        "sops-nix": "sops-nix"
      }
    },
    "sops-nix": {
      "inputs": {
        "nixpkgs": [
          "nixpkgs"
        ]
      },
      "locked": {
        "lastModified": 1788914643,
        "narHash": "sha256-4GuMPW90JSxXWDPUB9M+1m7fYbe3H0apOd86/zBQ2Kw=",
        "owner": "Mic92",
        "repo": "sops-nix",
        "rev": "13616fff713a9f94055c66f15687ebdc17a335df",
        "type": "github"
      },
      "original": {
        "owner": "Mic92",
        "repo": "sops-nix",
        "type": "github"
      }
    }
  },
  "root": "root",
  "version": 7
}
