name: "Update flake.lock"

on:
  workflow_dispatch:
  schedule:
    - cron: "0 22 * * 0" # Sundays at 22:00 UTC

jobs:
  update-flake-lock:
    runs-on: ubuntu-latest
    permissions:
      contents: write
      pull-requests: write
    steps:
      - uses: actions/checkout@v6.0.3
      - uses: DeterminateSystems/nix-installer-action@v22
      - uses: DeterminateSystems/update-flake-lock@main
        with:
          paths: |
            .
            flakes/xmage
          pr-title: "Update flake.lock"
          pr-labels: |
            dependencies
